# This file is automatically @generated by Poetry 2.0.1 and should not be changed by hand.

[[package]]
name = "python-terraform"
version = "0.10.1"
description = "This is a python module provide a wrapper of terraform command line tool"
optional = false
python-versions = "*"
groups = ["main"]
files = [
    {file = "python-terraform-0.10.1.tar.gz", hash = "sha256:0f4d1648c4fec61d5aa53142558ba3761c8f9ee7acce57505a1245d4dd85f5cf"},
]

[metadata]
lock-version = "2.1"
python-versions = ">=3.11"
content-hash = "2c7de932c2fa297ba4207939675aac3987d4ba3c97214c66b45291b35ca9d23e"
